
Microsoft Visual Studio Solution File, Format Version 12.00
# Visual Studio 2013
VisualStudioVersion = 12.0.40629.0
MinimumVisualStudioVersion = 10.0.40219.1
Project("{FAE04EC0-301F-11D3-BF4B-00C04F79EFBC}") = "AplicacionWebColegio", "AplicacionWebColegio\AplicacionWebColegio.csproj", "{63746374-F944-4475-820C-020DAC56EBBB}"
	ProjectSection(ProjectDependencies) = postProject
		{E65D6D77-B437-4FE3-A1E0-92FC1AB38CEE} = {E65D6D77-B437-4FE3-A1E0-92FC1AB38CEE}
		{360C4D9F-E33D-44E8-A830-139A1862EB40} = {360C4D9F-E33D-44E8-A830-139A1862EB40}
	EndProjectSection
EndProject
Project("{FAE04EC0-301F-11D3-BF4B-00C04F79EFBC}") = "AplicacionWebColegio.Data", "AplicacionWebColegio.Data\AplicacionWebColegio.Data.csproj", "{360C4D9F-E33D-44E8-A830-139A1862EB40}"
EndProject
Project("{FAE04EC0-301F-11D3-BF4B-00C04F79EFBC}") = "AplicacionWebColegio.DataAccess", "AplicacionWebColegio.DataAccess\AplicacionWebColegio.DataAccess.csproj", "{E65D6D77-B437-4FE3-A1E0-92FC1AB38CEE}"
	ProjectSection(ProjectDependencies) = postProject
		{360C4D9F-E33D-44E8-A830-139A1862EB40} = {360C4D9F-E33D-44E8-A830-139A1862EB40}
	EndProjectSection
EndProject
Global
	GlobalSection(SolutionConfigurationPlatforms) = preSolution
		Debug|Any CPU = Debug|Any CPU
		Release|Any CPU = Release|Any CPU
	EndGlobalSection
	GlobalSection(ProjectConfigurationPlatforms) = postSolution
		{63746374-F944-4475-820C-020DAC56EBBB}.Debug|Any CPU.ActiveCfg = Debug|Any CPU
		{63746374-F944-4475-820C-020DAC56EBBB}.Debug|Any CPU.Build.0 = Debug|Any CPU
		{63746374-F944-4475-820C-020DAC56EBBB}.Release|Any CPU.ActiveCfg = Release|Any CPU
		{63746374-F944-4475-820C-020DAC56EBBB}.Release|Any CPU.Build.0 = Release|Any CPU
		{360C4D9F-E33D-44E8-A830-139A1862EB40}.Debug|Any CPU.ActiveCfg = Debug|Any CPU
		{360C4D9F-E33D-44E8-A830-139A1862EB40}.Debug|Any CPU.Build.0 = Debug|Any CPU
		{360C4D9F-E33D-44E8-A830-139A1862EB40}.Release|Any CPU.ActiveCfg = Release|Any CPU
		{360C4D9F-E33D-44E8-A830-139A1862EB40}.Release|Any CPU.Build.0 = Release|Any CPU
		{E65D6D77-B437-4FE3-A1E0-92FC1AB38CEE}.Debug|Any CPU.ActiveCfg = Debug|Any CPU
		{E65D6D77-B437-4FE3-A1E0-92FC1AB38CEE}.Debug|Any CPU.Build.0 = Debug|Any CPU
		{E65D6D77-B437-4FE3-A1E0-92FC1AB38CEE}.Release|Any CPU.ActiveCfg = Release|Any CPU
		{E65D6D77-B437-4FE3-A1E0-92FC1AB38CEE}.Release|Any CPU.Build.0 = Release|Any CPU
	EndGlobalSection
	GlobalSection(SolutionProperties) = preSolution
		HideSolutionNode = FALSE
	EndGlobalSection
EndGlobal
